
Microsoft Visual Studio Solution File, Format Version 12.00
# Visual Studio Version 16
VisualStudioVersion = 16.0.28729.10
MinimumVisualStudioVersion = 10.0.40219.1
Project("{9A19103F-16F7-4668-BE54-9A1E7A4F7556}") = "RewardPoints", "RewardPoints\RewardPoints.csproj", "{B0E0C3E6-EF23-4E2A-80E8-4C66AF51FE59}"
EndProject
Project("{FAE04EC0-301F-11D3-BF4B-00C04F79EFBC}") = "AppLayer", "LPSValidator\AppLayer.csproj", "{1FCC5F10-E9A9-4555-B22E-9E2B1822B192}"
EndProject
Project("{FAE04EC0-301F-11D3-BF4B-00C04F79EFBC}") = "DataLayer", "DataLayer\DataLayer.csproj", "{EFBD0103-7702-40C3-8C63-047AA3A96BC5}"
EndProject
Global
	GlobalSection(SolutionConfigurationPlatforms) = preSolution
		Debug|Any CPU = Debug|Any CPU
		Release|Any CPU = Release|Any CPU
	EndGlobalSection
	GlobalSection(ProjectConfigurationPlatforms) = postSolution
		{B0E0C3E6-EF23-4E2A-80E8-4C66AF51FE59}.Debug|Any CPU.ActiveCfg = Debug|Any CPU
		{B0E0C3E6-EF23-4E2A-80E8-4C66AF51FE59}.Debug|Any CPU.Build.0 = Debug|Any CPU
		{B0E0C3E6-EF23-4E2A-80E8-4C66AF51FE59}.Release|Any CPU.ActiveCfg = Release|Any CPU
		{B0E0C3E6-EF23-4E2A-80E8-4C66AF51FE59}.Release|Any CPU.Build.0 = Release|Any CPU
		{1FCC5F10-E9A9-4555-B22E-9E2B1822B192}.Debug|Any CPU.ActiveCfg = Debug|Any CPU
		{1FCC5F10-E9A9-4555-B22E-9E2B1822B192}.Debug|Any CPU.Build.0 = Debug|Any CPU
		{1FCC5F10-E9A9-4555-B22E-9E2B1822B192}.Release|Any CPU.ActiveCfg = Release|Any CPU
		{1FCC5F10-E9A9-4555-B22E-9E2B1822B192}.Release|Any CPU.Build.0 = Release|Any CPU
		{EFBD0103-7702-40C3-8C63-047AA3A96BC5}.Debug|Any CPU.ActiveCfg = Debug|Any CPU
		{EFBD0103-7702-40C3-8C63-047AA3A96BC5}.Debug|Any CPU.Build.0 = Debug|Any CPU
		{EFBD0103-7702-40C3-8C63-047AA3A96BC5}.Release|Any CPU.ActiveCfg = Release|Any CPU
		{EFBD0103-7702-40C3-8C63-047AA3A96BC5}.Release|Any CPU.Build.0 = Release|Any CPU
	EndGlobalSection
	GlobalSection(SolutionProperties) = preSolution
		HideSolutionNode = FALSE
	EndGlobalSection
	GlobalSection(ExtensibilityGlobals) = postSolution
		SolutionGuid = {1BA7AF90-335E-4389-8327-AAF1A1E91100}
	EndGlobalSection
EndGlobal
